
Microsoft Visual Studio Solution File, Format Version 12.00
# Visual Studio 15
VisualStudioVersion = 15.0.27004.2010
MinimumVisualStudioVersion = 10.0.40219.1
Project("{FAE04EC0-301F-11D3-BF4B-00C04F79EFBC}") = "TranslateApplication", "TranslateApplication\TranslateApplication.csproj", "{E658A41F-E7D1-4016-92BE-D993E7C57208}"
EndProject
Project("{FAE04EC0-301F-11D3-BF4B-00C04F79EFBC}") = "Autorun", "Autorun\Autorun.csproj", "{E65906E1-2480-41C8-8B2B-AF024388052C}"
EndProject
Global
	GlobalSection(SolutionConfigurationPlatforms) = preSolution
		Debug|Any CPU = Debug|Any CPU
		Release|Any CPU = Release|Any CPU
	EndGlobalSection
	GlobalSection(ProjectConfigurationPlatforms) = postSolution
		{E658A41F-E7D1-4016-92BE-D993E7C57208}.Debug|Any CPU.ActiveCfg = Debug|Any CPU
		{E658A41F-E7D1-4016-92BE-D993E7C57208}.Debug|Any CPU.Build.0 = Debug|Any CPU
		{E658A41F-E7D1-4016-92BE-D993E7C57208}.Release|Any CPU.ActiveCfg = Release|Any CPU
		{E658A41F-E7D1-4016-92BE-D993E7C57208}.Release|Any CPU.Build.0 = Release|Any CPU
		{E65906E1-2480-41C8-8B2B-AF024388052C}.Debug|Any CPU.ActiveCfg = Debug|Any CPU
		{E65906E1-2480-41C8-8B2B-AF024388052C}.Debug|Any CPU.Build.0 = Debug|Any CPU
		{E65906E1-2480-41C8-8B2B-AF024388052C}.Release|Any CPU.ActiveCfg = Release|Any CPU
		{E65906E1-2480-41C8-8B2B-AF024388052C}.Release|Any CPU.Build.0 = Release|Any CPU
	EndGlobalSection
	GlobalSection(SolutionProperties) = preSolution
		HideSolutionNode = FALSE
	EndGlobalSection
	GlobalSection(ExtensibilityGlobals) = postSolution
		SolutionGuid = {DE5372F6-CA49-4C21-B75B-742766D54E34}
	EndGlobalSection
EndGlobal
